lockfileVersion: '9.0'

settings:
  autoInstallPeers: true
  excludeLinksFromLockfile: false

importers:

  .:
    dependencies:
      '@capacitor/push-notifications':
        specifier: ^8.0.0
        version: 8.0.0(@capacitor/core@8.0.0)

packages:

  '@capacitor/core@8.0.0':
    resolution: {integrity: sha512-250HTVd/W/KdMygoqaedisvNbHbpbQTN2Hy/8ZYGm1nAqE0Fx7sGss4l0nDg33STxEdDhtVRoL2fIaaiukKseA==}

  '@capacitor/push-notifications@8.0.0':
    resolution: {integrity: sha512-xJWQLqAfC8b2ETqAPmwDnkKB4t/lVrbYc2D8VpA2fSu10JFSL/R722Vk0Lfl9Lo9WusmyIiQbVfILNQ3iFNGKw==}
    peerDependencies:
      '@capacitor/core': '>=8.0.0'

  tslib@2.8.1:
    resolution: {integrity: sha512-oJFu94HQb+KVduSUQL7wnpmqnfmLsOA/nAh6b6EH0wCEoK0/mPeXU6c3wKDV83MkOuHPRHtSXKKU99IBazS/2w==}

snapshots:

  '@capacitor/core@8.0.0':
    dependencies:
      tslib: 2.8.1

  '@capacitor/push-notifications@8.0.0(@capacitor/core@8.0.0)':
    dependencies:
      '@capacitor/core': 8.0.0

  tslib@2.8.1: {}
